github.com/jolatechno/go-lc3/src/cpu v0.0.0-20200816201018-805364e174a1 h1:+XC8v/oHDboFQb/F5j4RbuEqpCz/stnASMn0bTmh/n8=
github.com/jolatechno/go-lc3/src/cpu v0.0.0-20200816201018-805364e174a1/go.mod h1:S0mmpLtdQTTQu3UZv3QxV3RlPjukLQrqM48bHEsIqms=
github.com/jolatechno/go-lc3/src/interfaces v0.0.0-20200816104459-08d0836f517f/go.mod h1:gtbnqZwPCFaDGaNbiy+JtLCvOuhyS7gX3tCFVUNvF6U=
github.com/jolatechno/go-lc3/src/interfaces v0.0.0-20200816122940-9f28d9b9ba6c/go.mod h1:gtbnqZwPCFaDGaNbiy+JtLCvOuhyS7gX3tCFVUNvF6U=
github.com/jolatechno/go-lc3/src/interfaces v0.0.0-20200816125208-01007f0e266c/go.mod h1:gtbnqZwPCFaDGaNbiy+JtLCvOuhyS7gX3tCFVUNvF6U=
github.com/jolatechno/go-lc3/src/interfaces v0.0.0-20200816140155-22296fa3c419/go.mod h1:gtbnqZwPCFaDGaNbiy+JtLCvOuhyS7gX3tCFVUNvF6U=
github.com/jolatechno/go-lc3/src/interfaces v0.0.0-20200816193643-d39cb6de92c8/go.mod h1:gtbnqZwPCFaDGaNbiy+JtLCvOuhyS7gX3tCFVUNvF6U=
github.com/jolatechno/go-lc3/src/interfaces v0.0.0-20200816194249-cd012723dc4f/go.mod h1:gtbnqZwPCFaDGaNbiy+JtLCvOuhyS7gX3tCFVUNvF6U=
github.com/jolatechno/go-lc3/src/interfaces v0.0.0-20200816201018-805364e174a1 h1:6iQKYkJcBEphDcVN8kcylVyL5eOAWb34u4PPNdOtXEM=
github.com/jolatechno/go-lc3/src/interfaces v0.0.0-20200816201018-805364e174a1/go.mod h1:gtbnqZwPCFaDGaNbiy+JtLCvOuhyS7gX3tCFVUNvF6U=
github.com/jolatechno/go-lc3/src/interfaces v0.0.0-20200817095036-9db522e90c05 h1:k8aqw3EtfWztfKvbqXc75Hby7ZRrrf5iKiMls2NCWGc=
github.com/jolatechno/go-lc3/src/interfaces v0.0.0-20200817095036-9db522e90c05/go.mod h1:gtbnqZwPCFaDGaNbiy+JtLCvOuhyS7gX3tCFVUNvF6U=
github.com/jolatechno/go-lc3/src/lc3/instructions v0.0.0-20200816201018-805364e174a1 h1:TLbnh2m9MypfPjhHqX50bA+wa7ntLLr/ozL++scTpYg=
github.com/jolatechno/go-lc3/src/lc3/instructions v0.0.0-20200816201018-805364e174a1/go.mod h1:iqswlD5oo0GEqkLR1lgYnLmReddNYnR09sy6tKYxsLU=
github.com/jolatechno/go-lc3/src/lc3/instructions v0.0.0-20200816214636-056f46734538 h1:OS5i3UMqsvNbqLq+DTvpvPGgjX8IHDs0+peMVWhIvng=
github.com/jolatechno/go-lc3/src/lc3/instructions v0.0.0-20200816214636-056f46734538/go.mod h1:1MeP2hPBMzaxTF6CCoYnCeUj+nARcCmi0CE/pDqRBiw=
github.com/jolatechno/go-lc3/src/lc3/memory v0.0.0-20200816125208-01007f0e266c/go.mod h1:IXymaE49F9TJTSWzql/wVIO2ZuHFJX0l4GoZgsARGqA=
github.com/jolatechno/go-lc3/src/lc3/memory v0.0.0-20200816201018-805364e174a1 h1:IjQcGFCbyMKRXj9Dz66LSQDkucxM9/GRbKJNVE2ar8s=
github.com/jolatechno/go-lc3/src/lc3/memory v0.0.0-20200816201018-805364e174a1/go.mod h1:GthxZYCy5MH7BhIqej62DmS8UDAg3g1UxAFN1a5ZTq0=
github.com/jolatechno/go-lc3/src/lc3/opcode v0.0.0-20200816125208-01007f0e266c/go.mod h1:YbKVMsnOBbnmc+nS6fiJvCvL85ucZaoF97fXhrU4ksk=
github.com/jolatechno/go-lc3/src/lc3/opcode v0.0.0-20200816140155-22296fa3c419/go.mod h1:YbKVMsnOBbnmc+nS6fiJvCvL85ucZaoF97fXhrU4ksk=
github.com/jolatechno/go-lc3/src/lc3/opcode v0.0.0-20200816193643-d39cb6de92c8/go.mod h1:YbKVMsnOBbnmc+nS6fiJvCvL85ucZaoF97fXhrU4ksk=
github.com/jolatechno/go-lc3/src/lc3/opcode v0.0.0-20200816201018-805364e174a1 h1:o1o/raiFahNHBD33oC5lR80nn80CmqLFwO3oHrwhApo=
github.com/jolatechno/go-lc3/src/lc3/opcode v0.0.0-20200816201018-805364e174a1/go.mod h1:YbKVMsnOBbnmc+nS6fiJvCvL85ucZaoF97fXhrU4ksk=
github.com/jolatechno/go-lc3/src/lc3/registers v0.0.0-20200816140155-22296fa3c419/go.mod h1:oYdSuiLpCGFEgSI3TEoh879yZnJQgejasIWY5fs35PM=
github.com/jolatechno/go-lc3/src/lc3/registers v0.0.0-20200816201018-805364e174a1 h1:zE7r23FyY8UVxrmLnhTfJUZfxUXNsOPeSvva2wxZmDg=
github.com/jolatechno/go-lc3/src/lc3/registers v0.0.0-20200816201018-805364e174a1/go.mod h1:xXDJk81ls9Sz/vjV9H8I140s9f1icRXf0W5f7q/4ojg=
