github.com/jolatechno/go-lc3 v0.0.0-20200811081825-83c7c0da829f h1:Fan6asxU0TdBmVg/2KF9ODohCbF/LNG+0xtpL/glUjE=
github.com/jolatechno/go-lc3/src/cpu v0.0.0-20200811115045-0a23dd04e2b6 h1:VL6EfbeLMl1QOLecoh9ZZxzyD5/QvOj9211Au4RN8zc=
github.com/jolatechno/go-lc3/src/cpu v0.0.0-20200811115045-0a23dd04e2b6/go.mod h1:GnCt+D6KN0jUWVowYvQHoZ9b/xYM4qKQRYm7h0tz0IE=
github.com/jolatechno/go-lc3/src/interfaces v0.0.0-20200811080702-672fcc95b73f/go.mod h1:gtbnqZwPCFaDGaNbiy+JtLCvOuhyS7gX3tCFVUNvF6U=
github.com/jolatechno/go-lc3/src/interfaces v0.0.0-20200811081825-83c7c0da829f h1:+7jqPfzMYAkwwY2LorDNrKxrbkZKF/EaBicuQfjJ3YU=
github.com/jolatechno/go-lc3/src/interfaces v0.0.0-20200811081825-83c7c0da829f/go.mod h1:gtbnqZwPCFaDGaNbiy+JtLCvOuhyS7gX3tCFVUNvF6U=
github.com/jolatechno/go-lc3/src/interfaces v0.0.0-20200811104713-67998025f49e/go.mod h1:gtbnqZwPCFaDGaNbiy+JtLCvOuhyS7gX3tCFVUNvF6U=
github.com/jolatechno/go-lc3/src/interfaces v0.0.0-20200811114311-f2e614966d34 h1:iNJcJ0IV/tm6Nm3u76gQXptfKcOcLM6V2yQAZc4tfVM=
github.com/jolatechno/go-lc3/src/interfaces v0.0.0-20200811114311-f2e614966d34/go.mod h1:gtbnqZwPCFaDGaNbiy+JtLCvOuhyS7gX3tCFVUNvF6U=
github.com/jolatechno/go-lc3/src/interfaces v0.0.0-20200811115045-0a23dd04e2b6 h1:fQge9qi91WhrwXq4n5czH/6NpuTpb4olrV41U3ewCr4=
github.com/jolatechno/go-lc3/src/interfaces v0.0.0-20200811115045-0a23dd04e2b6/go.mod h1:gtbnqZwPCFaDGaNbiy+JtLCvOuhyS7gX3tCFVUNvF6U=
github.com/jolatechno/go-lc3/src/lc3/instructions v0.0.0-20200811081825-83c7c0da829f h1:PKI8wdUVGkZY+dHcdrVQASdicvQd/TVvaOpONpedjKw=
github.com/jolatechno/go-lc3/src/lc3/instructions v0.0.0-20200811081825-83c7c0da829f/go.mod h1:qi7RB66wIBd38q0j449V//hQdr/E5YPkl5HxWrppO4s=
github.com/jolatechno/go-lc3/src/lc3/instructions v0.0.0-20200811115045-0a23dd04e2b6 h1:G13mai0dRBFcaVvEqF+plkX53Hg0dPYKhTSYAXF8sNk=
github.com/jolatechno/go-lc3/src/lc3/instructions v0.0.0-20200811115045-0a23dd04e2b6/go.mod h1:UPI00ynssBVOzSDAVT/pJNqlEsGfhmgkyzVaq0+jfis=
github.com/jolatechno/go-lc3/src/lc3/memory v0.0.0-20200811081825-83c7c0da829f h1:2eDg0JLdUH102W/bq2Aezv/HT7bINRVJ3bwZ8Do5O5o=
github.com/jolatechno/go-lc3/src/lc3/memory v0.0.0-20200811081825-83c7c0da829f/go.mod h1:hxcaz7iaxRaSdGPRGAinvNF5Zpa/ePHe9YhBGRST400=
github.com/jolatechno/go-lc3/src/lc3/memory v0.0.0-20200811115045-0a23dd04e2b6 h1:6QexoPXV5RRJnXNw1UrgiVWsYedqLs0DG+iFZyUlpSM=
github.com/jolatechno/go-lc3/src/lc3/memory v0.0.0-20200811115045-0a23dd04e2b6/go.mod h1:hxcaz7iaxRaSdGPRGAinvNF5Zpa/ePHe9YhBGRST400=
github.com/jolatechno/go-lc3/src/lc3/opcode v0.0.0-20200811114311-f2e614966d34 h1:SBOeHvxLBw8AsbwYDoV/6i2tvy+LZB+E8llE6RzNbGs=
github.com/jolatechno/go-lc3/src/lc3/opcode v0.0.0-20200811114311-f2e614966d34/go.mod h1:3v4aoWe4YhDexhZrTFSHUEFq/FKuYT/Pt4F3X35gnYg=
github.com/jolatechno/go-lc3/src/lc3/opcode v0.0.0-20200811115045-0a23dd04e2b6 h1:2ylZ8PE2smkNJRJ7AJR0arVyllGY7J7R943xQTJdJ30=
github.com/jolatechno/go-lc3/src/lc3/opcode v0.0.0-20200811115045-0a23dd04e2b6/go.mod h1:3v4aoWe4YhDexhZrTFSHUEFq/FKuYT/Pt4F3X35gnYg=
github.com/jolatechno/go-lc3/src/lc3/registers v0.0.0-20200811081825-83c7c0da829f h1:Evn3DwqpiVuhzdgIH9rdXnizviO7Utd9svuT5rjZ7NE=
github.com/jolatechno/go-lc3/src/lc3/registers v0.0.0-20200811081825-83c7c0da829f/go.mod h1:lrsEy0AhyNayBA1Y/jy83yCJDE3VuQpD+czgH4Z26Qg=
github.com/jolatechno/go-lc3/src/lc3/registers v0.0.0-20200811115045-0a23dd04e2b6 h1:J6EhIXi32ABNVp5WnjhFQxD1ysRadtUpOHKf+a1qDGs=
github.com/jolatechno/go-lc3/src/lc3/registers v0.0.0-20200811115045-0a23dd04e2b6/go.mod h1:qBGFDeuj14dPwNlkhUUEI6hsE6VrVR9y92J9VQonezs=
