github.com/jolatechno/go-lc3/src/cpu v0.0.0-20200817112319-cbcc2c0e64fe h1:SEm50rrjLrAxWdsC1+P0oqm5xnmWsjvaEwKtVF5NRvI=
github.com/jolatechno/go-lc3/src/cpu v0.0.0-20200817112319-cbcc2c0e64fe/go.mod h1:XV28Nx9JsbDTsk64D2munN7PtpoXZyf5fbPJ/XeKk0M=
github.com/jolatechno/go-lc3/src/interfaces v0.0.0-20200816104459-08d0836f517f/go.mod h1:gtbnqZwPCFaDGaNbiy+JtLCvOuhyS7gX3tCFVUNvF6U=
github.com/jolatechno/go-lc3/src/interfaces v0.0.0-20200816193643-d39cb6de92c8/go.mod h1:gtbnqZwPCFaDGaNbiy+JtLCvOuhyS7gX3tCFVUNvF6U=
github.com/jolatechno/go-lc3/src/interfaces v0.0.0-20200816194249-cd012723dc4f/go.mod h1:gtbnqZwPCFaDGaNbiy+JtLCvOuhyS7gX3tCFVUNvF6U=
github.com/jolatechno/go-lc3/src/interfaces v0.0.0-20200816201018-805364e174a1/go.mod h1:gtbnqZwPCFaDGaNbiy+JtLCvOuhyS7gX3tCFVUNvF6U=
github.com/jolatechno/go-lc3/src/interfaces v0.0.0-20200817095036-9db522e90c05/go.mod h1:gtbnqZwPCFaDGaNbiy+JtLCvOuhyS7gX3tCFVUNvF6U=
github.com/jolatechno/go-lc3/src/interfaces v0.0.0-20200817153204-80a9ba0a5e98 h1:HIZDigGk5czaQ2/l5EQaglHVZMawCglBwym/DeQ2C9o=
github.com/jolatechno/go-lc3/src/interfaces v0.0.0-20200817153204-80a9ba0a5e98/go.mod h1:gtbnqZwPCFaDGaNbiy+JtLCvOuhyS7gX3tCFVUNvF6U=
github.com/jolatechno/go-lc3/src/lc3/instructions v0.0.0-20200817155519-2f265489cc12 h1:i7sAaiWbVtdR2PKWuCf66cUhzoV1FWeafqRPnA/ODpY=
github.com/jolatechno/go-lc3/src/lc3/instructions v0.0.0-20200817155519-2f265489cc12/go.mod h1:1MeP2hPBMzaxTF6CCoYnCeUj+nARcCmi0CE/pDqRBiw=
github.com/jolatechno/go-lc3/src/lc3/instructions v0.0.0-20200817161212-1bcb49cc153d h1:Nm15ZHuNcSueFGHLOuy+PD/Pr2rEIum30GLKe2PyZYM=
github.com/jolatechno/go-lc3/src/lc3/instructions v0.0.0-20200817161212-1bcb49cc153d/go.mod h1:1MeP2hPBMzaxTF6CCoYnCeUj+nARcCmi0CE/pDqRBiw=
github.com/jolatechno/go-lc3/src/lc3/memory v0.0.0-20200816201018-805364e174a1 h1:IjQcGFCbyMKRXj9Dz66LSQDkucxM9/GRbKJNVE2ar8s=
github.com/jolatechno/go-lc3/src/lc3/memory v0.0.0-20200816201018-805364e174a1/go.mod h1:GthxZYCy5MH7BhIqej62DmS8UDAg3g1UxAFN1a5ZTq0=
github.com/jolatechno/go-lc3/src/lc3/opcode v0.0.0-20200816193643-d39cb6de92c8/go.mod h1:YbKVMsnOBbnmc+nS6fiJvCvL85ucZaoF97fXhrU4ksk=
github.com/jolatechno/go-lc3/src/lc3/opcode v0.0.0-20200816201018-805364e174a1 h1:o1o/raiFahNHBD33oC5lR80nn80CmqLFwO3oHrwhApo=
github.com/jolatechno/go-lc3/src/lc3/opcode v0.0.0-20200816201018-805364e174a1/go.mod h1:YbKVMsnOBbnmc+nS6fiJvCvL85ucZaoF97fXhrU4ksk=
github.com/jolatechno/go-lc3/src/lc3/registers v0.0.0-20200816201018-805364e174a1 h1:zE7r23FyY8UVxrmLnhTfJUZfxUXNsOPeSvva2wxZmDg=
github.com/jolatechno/go-lc3/src/lc3/registers v0.0.0-20200816201018-805364e174a1/go.mod h1:xXDJk81ls9Sz/vjV9H8I140s9f1icRXf0W5f7q/4ojg=
