github.com/jolatechno/go-lc3 v0.0.0-20200817162333-56b10a835d4b h1:CKuorZJhtpPAO+XfDk6Hg/t39CllzZIkK64Uf8Bax84=
github.com/jolatechno/go-lc3/src/cpu v0.0.0-20200817112319-cbcc2c0e64fe/go.mod h1:XV28Nx9JsbDTsk64D2munN7PtpoXZyf5fbPJ/XeKk0M=
github.com/jolatechno/go-lc3/src/cpu v0.0.0-20200817162333-56b10a835d4b h1:QIjBetuAiKhE860EKJWOchQa06Ouk5GgXeS/ldC2k34=
github.com/jolatechno/go-lc3/src/cpu v0.0.0-20200817162333-56b10a835d4b/go.mod h1:XV28Nx9JsbDTsk64D2munN7PtpoXZyf5fbPJ/XeKk0M=
github.com/jolatechno/go-lc3/src/interfaces v0.0.0-20200816104459-08d0836f517f/go.mod h1:gtbnqZwPCFaDGaNbiy+JtLCvOuhyS7gX3tCFVUNvF6U=
github.com/jolatechno/go-lc3/src/interfaces v0.0.0-20200816193643-d39cb6de92c8/go.mod h1:gtbnqZwPCFaDGaNbiy+JtLCvOuhyS7gX3tCFVUNvF6U=
github.com/jolatechno/go-lc3/src/interfaces v0.0.0-20200816194249-cd012723dc4f/go.mod h1:gtbnqZwPCFaDGaNbiy+JtLCvOuhyS7gX3tCFVUNvF6U=
github.com/jolatechno/go-lc3/src/interfaces v0.0.0-20200816201018-805364e174a1/go.mod h1:gtbnqZwPCFaDGaNbiy+JtLCvOuhyS7gX3tCFVUNvF6U=
github.com/jolatechno/go-lc3/src/interfaces v0.0.0-20200817095036-9db522e90c05/go.mod h1:gtbnqZwPCFaDGaNbiy+JtLCvOuhyS7gX3tCFVUNvF6U=
github.com/jolatechno/go-lc3/src/interfaces v0.0.0-20200817153204-80a9ba0a5e98/go.mod h1:gtbnqZwPCFaDGaNbiy+JtLCvOuhyS7gX3tCFVUNvF6U=
github.com/jolatechno/go-lc3/src/interfaces v0.0.0-20200817162333-56b10a835d4b h1:D69ww7zNbfHdoBbvAAlWAhn7vvwQp0ShDlcEAVUvW7g=
github.com/jolatechno/go-lc3/src/interfaces v0.0.0-20200817162333-56b10a835d4b/go.mod h1:gtbnqZwPCFaDGaNbiy+JtLCvOuhyS7gX3tCFVUNvF6U=
github.com/jolatechno/go-lc3/src/lc3 v0.0.0-20200817162333-56b10a835d4b h1:s75D4IlHD0HlH1FTrwnFL8OoA0rc7ULY+L9yhTVK7SM=
github.com/jolatechno/go-lc3/src/lc3 v0.0.0-20200817162333-56b10a835d4b/go.mod h1:dZFHAnljyumQGVJNd/APNzNR+++zLBieyWEiiaVKqws=
github.com/jolatechno/go-lc3/src/lc3/instructions v0.0.0-20200817161212-1bcb49cc153d h1:Nm15ZHuNcSueFGHLOuy+PD/Pr2rEIum30GLKe2PyZYM=
github.com/jolatechno/go-lc3/src/lc3/instructions v0.0.0-20200817161212-1bcb49cc153d/go.mod h1:1MeP2hPBMzaxTF6CCoYnCeUj+nARcCmi0CE/pDqRBiw=
github.com/jolatechno/go-lc3/src/lc3/instructions v0.0.0-20200817162726-ae7719404ec6 h1:jLe8p8ckTN5fyHPYlqsHdsGk7TXPMyOuttMxpN5tJVM=
github.com/jolatechno/go-lc3/src/lc3/instructions v0.0.0-20200817162726-ae7719404ec6/go.mod h1:1MeP2hPBMzaxTF6CCoYnCeUj+nARcCmi0CE/pDqRBiw=
github.com/jolatechno/go-lc3/src/lc3/instructions v0.0.0-20200817210030-60019fa04c0a h1:j5WJyK5E5n6bp+NAVt3YEpY1MQYV2G8r4Qihmq/VUhE=
github.com/jolatechno/go-lc3/src/lc3/instructions v0.0.0-20200817210030-60019fa04c0a/go.mod h1:npjVFOEjlL8s50XxtLSIL/hd4416j00jjO6fxJ2TzN0=
github.com/jolatechno/go-lc3/src/lc3/memory v0.0.0-20200816201018-805364e174a1 h1:IjQcGFCbyMKRXj9Dz66LSQDkucxM9/GRbKJNVE2ar8s=
github.com/jolatechno/go-lc3/src/lc3/memory v0.0.0-20200816201018-805364e174a1/go.mod h1:GthxZYCy5MH7BhIqej62DmS8UDAg3g1UxAFN1a5ZTq0=
github.com/jolatechno/go-lc3/src/lc3/memory v0.0.0-20200817162726-ae7719404ec6 h1:sGCRnMpGkCLHjXq7qqHZFHDb5C5X5ZDSu8YIfJp1iCw=
github.com/jolatechno/go-lc3/src/lc3/memory v0.0.0-20200817162726-ae7719404ec6/go.mod h1:tm2Jqd8qNcfj26Bt/MDTGGous7/kSA8cJUNqkFIRaXA=
github.com/jolatechno/go-lc3/src/lc3/memory v0.0.0-20200817210030-60019fa04c0a h1:IQzl2ioYQyIK9ybX6TP9jIOm7y3h+6DO6Yo0Qv/pJhM=
github.com/jolatechno/go-lc3/src/lc3/memory v0.0.0-20200817210030-60019fa04c0a/go.mod h1:3ZZ6Vw6HHNUUsuJUthcznlSZEEOHlsgM5hTLT9cphxE=
github.com/jolatechno/go-lc3/src/lc3/opcode v0.0.0-20200816193643-d39cb6de92c8/go.mod h1:YbKVMsnOBbnmc+nS6fiJvCvL85ucZaoF97fXhrU4ksk=
github.com/jolatechno/go-lc3/src/lc3/opcode v0.0.0-20200816201018-805364e174a1 h1:o1o/raiFahNHBD33oC5lR80nn80CmqLFwO3oHrwhApo=
github.com/jolatechno/go-lc3/src/lc3/opcode v0.0.0-20200816201018-805364e174a1/go.mod h1:YbKVMsnOBbnmc+nS6fiJvCvL85ucZaoF97fXhrU4ksk=
github.com/jolatechno/go-lc3/src/lc3/opcode v0.0.0-20200817162726-ae7719404ec6 h1:WngmLdljgzl5Arf+NoY/QTVssbvSGaZliN3rLnRU/nQ=
github.com/jolatechno/go-lc3/src/lc3/opcode v0.0.0-20200817162726-ae7719404ec6/go.mod h1:0RnrT6Kp2xrTp5NGgiaQvSXCcDmple7CA62KtXK2u7U=
github.com/jolatechno/go-lc3/src/lc3/opcode v0.0.0-20200817210030-60019fa04c0a h1:McAR/LvVnK5e/ONnMgen7j+GgdrnHGySWWdPWyvNrOI=
github.com/jolatechno/go-lc3/src/lc3/opcode v0.0.0-20200817210030-60019fa04c0a/go.mod h1:a40SmEDgFWpd+jtUiv/sn1m2T28/GTs82uy+zPq+VRw=
github.com/jolatechno/go-lc3/src/lc3/registers v0.0.0-20200816201018-805364e174a1 h1:zE7r23FyY8UVxrmLnhTfJUZfxUXNsOPeSvva2wxZmDg=
github.com/jolatechno/go-lc3/src/lc3/registers v0.0.0-20200816201018-805364e174a1/go.mod h1:xXDJk81ls9Sz/vjV9H8I140s9f1icRXf0W5f7q/4ojg=
github.com/jolatechno/go-lc3/src/lc3/registers v0.0.0-20200817162726-ae7719404ec6 h1:riiCH31QwGpZ6joFhFJWasLohcMWaiTMqUqtzxj0C5I=
github.com/jolatechno/go-lc3/src/lc3/registers v0.0.0-20200817162726-ae7719404ec6/go.mod h1:EH7R6wXjmHsDvNVfuD4LW0ccLowG2yrB0+9ha90eXB0=
github.com/jolatechno/go-lc3/src/lc3/registers v0.0.0-20200817210030-60019fa04c0a h1:IlveLOgZgLHJ2ThiPCkGEVqO/G1YOb7cv9erIBDZCCQ=
github.com/jolatechno/go-lc3/src/lc3/registers v0.0.0-20200817210030-60019fa04c0a/go.mod h1:bL60tYKnNyW8fDavuXbxyP+It2obd5XZ3pLgAGL6rP8=
