github.com/jolatechno/go-lc3 v0.0.0-20200811081825-83c7c0da829f h1:Fan6asxU0TdBmVg/2KF9ODohCbF/LNG+0xtpL/glUjE=
github.com/jolatechno/go-lc3/src/interfaces v0.0.0-20200811081825-83c7c0da829f h1:+7jqPfzMYAkwwY2LorDNrKxrbkZKF/EaBicuQfjJ3YU=
github.com/jolatechno/go-lc3/src/interfaces v0.0.0-20200811081825-83c7c0da829f/go.mod h1:gtbnqZwPCFaDGaNbiy+JtLCvOuhyS7gX3tCFVUNvF6U=
github.com/jolatechno/go-lc3/src/interfaces v0.0.0-20200811102957-bbe7ed809550 h1:WfdDiQnORMeN3YrEAu2uiRjY9KwTpomw8AG9ukw1r08=
github.com/jolatechno/go-lc3/src/interfaces v0.0.0-20200811102957-bbe7ed809550/go.mod h1:gtbnqZwPCFaDGaNbiy+JtLCvOuhyS7gX3tCFVUNvF6U=
github.com/jolatechno/go-lc3/src/interfaces v0.0.0-20200811104713-67998025f49e h1:3mZNN4Tzyk6CYpm4O5IbLiy6jzCoWrlXeKQKR8B7pvI=
github.com/jolatechno/go-lc3/src/interfaces v0.0.0-20200811104713-67998025f49e/go.mod h1:gtbnqZwPCFaDGaNbiy+JtLCvOuhyS7gX3tCFVUNvF6U=
github.com/jolatechno/go-lc3/src/interfaces v0.0.0-20200816103356-3a6096a41eee h1:Ns5HT3gxMO4VUPQccKQC90kWSTkR8VecOWGMiYveKvQ=
github.com/jolatechno/go-lc3/src/interfaces v0.0.0-20200816103356-3a6096a41eee/go.mod h1:gtbnqZwPCFaDGaNbiy+JtLCvOuhyS7gX3tCFVUNvF6U=
github.com/jolatechno/go-lc3/src/interfaces v0.0.0-20200816133048-d6038493d804 h1:FGUvfDAL4lfKbKAK0UmizTRxFwPRKunHTO6kBzLbJkM=
github.com/jolatechno/go-lc3/src/interfaces v0.0.0-20200816133048-d6038493d804/go.mod h1:gtbnqZwPCFaDGaNbiy+JtLCvOuhyS7gX3tCFVUNvF6U=
