github.com/davecgh/go-spew v1.1.1/go.mod h1:J7Y8YcW2NihsgmVo/mv3lAwl/skON4iLHjSsI+c5H38=
github.com/jolatechno/go-lc3/src/interfaces v0.0.0-20200816104459-08d0836f517f/go.mod h1:gtbnqZwPCFaDGaNbiy+JtLCvOuhyS7gX3tCFVUNvF6U=
github.com/jolatechno/go-lc3/src/interfaces v0.0.0-20200816194249-cd012723dc4f/go.mod h1:gtbnqZwPCFaDGaNbiy+JtLCvOuhyS7gX3tCFVUNvF6U=
github.com/jolatechno/go-lc3/src/interfaces v0.0.0-20200816201018-805364e174a1 h1:6iQKYkJcBEphDcVN8kcylVyL5eOAWb34u4PPNdOtXEM=
github.com/jolatechno/go-lc3/src/interfaces v0.0.0-20200816201018-805364e174a1/go.mod h1:gtbnqZwPCFaDGaNbiy+JtLCvOuhyS7gX3tCFVUNvF6U=
github.com/jolatechno/go-lc3/src/lc3/opcode v0.0.0-20200816201018-805364e174a1 h1:o1o/raiFahNHBD33oC5lR80nn80CmqLFwO3oHrwhApo=
github.com/jolatechno/go-lc3/src/lc3/opcode v0.0.0-20200816201018-805364e174a1/go.mod h1:YbKVMsnOBbnmc+nS6fiJvCvL85ucZaoF97fXhrU4ksk=
github.com/jolatechno/go-lc3/src/lc3/registers v0.0.0-20200816201018-805364e174a1 h1:zE7r23FyY8UVxrmLnhTfJUZfxUXNsOPeSvva2wxZmDg=
github.com/jolatechno/go-lc3/src/lc3/registers v0.0.0-20200816201018-805364e174a1/go.mod h1:xXDJk81ls9Sz/vjV9H8I140s9f1icRXf0W5f7q/4ojg=
github.com/konsorten/go-windows-terminal-sequences v1.0.3/go.mod h1:T0+1ngSBFLxvqU3pZ+m/2kptfBszLMUkC4ZK/EgS/cQ=
github.com/pmezard/go-difflib v1.0.0/go.mod h1:iKH77koFhYxTK1pcRnkKkqfTogsbg7gZNVY4sRDYZ/4=
github.com/sirupsen/logrus v1.6.0 h1:UBcNElsrwanuuMsnGSlYmtmgbb23qDR5dG+6X6Oo89I=
github.com/sirupsen/logrus v1.6.0/go.mod h1:7uNnSEd1DgxDLC74fIahvMZmmYsHGZGEOFrfsX/uA88=
github.com/stretchr/testify v1.2.2/go.mod h1:a8OnRcib4nhh0OaRAV+Yts87kKdq0PP7pXfy6kDkUVs=
golang.org/x/sys v0.0.0-20190422165155-953cdadca894 h1:Cz4ceDQGXuKRnVBDTS23GTn/pU5OE2C0WrNTOYK1Uuc=
golang.org/x/sys v0.0.0-20190422165155-953cdadca894/go.mod h1:h1NjWce9XRLGQEsW7wpKNCjG9DtNlClVuFLEZdDNbEs=
