github.com/jolatechno/go-lc3/src/interfaces v0.0.0-20200816104459-08d0836f517f/go.mod h1:gtbnqZwPCFaDGaNbiy+JtLCvOuhyS7gX3tCFVUNvF6U=
github.com/jolatechno/go-lc3/src/interfaces v0.0.0-20200816194249-cd012723dc4f/go.mod h1:gtbnqZwPCFaDGaNbiy+JtLCvOuhyS7gX3tCFVUNvF6U=
github.com/jolatechno/go-lc3/src/interfaces v0.0.0-20200816201018-805364e174a1 h1:6iQKYkJcBEphDcVN8kcylVyL5eOAWb34u4PPNdOtXEM=
github.com/jolatechno/go-lc3/src/interfaces v0.0.0-20200816201018-805364e174a1/go.mod h1:gtbnqZwPCFaDGaNbiy+JtLCvOuhyS7gX3tCFVUNvF6U=
github.com/jolatechno/go-lc3/src/lc3 v0.0.0-20200820100342-e355b8dca557 h1:6uvvhtmLmwyVw8+uAjPqITpnvCvqfkA83AcVTCzAxVg=
github.com/jolatechno/go-lc3/src/lc3/opcode v0.0.0-20200816201018-805364e174a1 h1:o1o/raiFahNHBD33oC5lR80nn80CmqLFwO3oHrwhApo=
github.com/jolatechno/go-lc3/src/lc3/opcode v0.0.0-20200816201018-805364e174a1/go.mod h1:YbKVMsnOBbnmc+nS6fiJvCvL85ucZaoF97fXhrU4ksk=
github.com/jolatechno/go-lc3/src/lc3/opcode v0.0.0-20200820100342-e355b8dca557 h1:GVmF0ZlIaCbCzLTIA6Vgm3c6ZHpVT5zRzxPkYt0BLxs=
github.com/jolatechno/go-lc3/src/lc3/opcode v0.0.0-20200820100342-e355b8dca557/go.mod h1:6ru77p3gRQoNMoF2162Jq7jj3fAR4jbVuh4AK4F0O+I=
github.com/jolatechno/go-lc3/src/lc3/registers v0.0.0-20200816201018-805364e174a1 h1:zE7r23FyY8UVxrmLnhTfJUZfxUXNsOPeSvva2wxZmDg=
github.com/jolatechno/go-lc3/src/lc3/registers v0.0.0-20200816201018-805364e174a1/go.mod h1:xXDJk81ls9Sz/vjV9H8I140s9f1icRXf0W5f7q/4ojg=
