github.com/jolatechno/go-lc3/src/interfaces v0.0.0-20200816104459-08d0836f517f/go.mod h1:gtbnqZwPCFaDGaNbiy+JtLCvOuhyS7gX3tCFVUNvF6U=
github.com/jolatechno/go-lc3/src/interfaces v0.0.0-20200816201018-805364e174a1 h1:6iQKYkJcBEphDcVN8kcylVyL5eOAWb34u4PPNdOtXEM=
github.com/jolatechno/go-lc3/src/interfaces v0.0.0-20200816201018-805364e174a1/go.mod h1:gtbnqZwPCFaDGaNbiy+JtLCvOuhyS7gX3tCFVUNvF6U=
github.com/jolatechno/go-lc3/src/lc3/opcode v0.0.0-20200816201018-805364e174a1 h1:o1o/raiFahNHBD33oC5lR80nn80CmqLFwO3oHrwhApo=
github.com/jolatechno/go-lc3/src/lc3/opcode v0.0.0-20200816201018-805364e174a1/go.mod h1:YbKVMsnOBbnmc+nS6fiJvCvL85ucZaoF97fXhrU4ksk=
